version: 1
checksums:
  4188a166aad2705b4f09401f924502ed:
    meta/title: 02cdab7a5f8ac497b77ce7c2e9000c4b
    meta/description: 540ea09768761b9d3b2d49659b1c50f3
  25c867248614e57dea5a9417c566b10c:
    0#0.44-3.32#1: 130cb096c02f2a8413a8851d4aeda5cc
    1#3.32-4.88#2: 731348c43b7d4cb20f2f29dd0847517e
    2#4.88-7.44#3: f3e76b6223817d604e4d64e811febb0c
    3#7.44-8.84#4: 3e3d6bb47b70525ab0c2dc3ea3879a7f
    4#9.44-15.5#5: 9c450839fc84b0230ee3c2c84171334e
    5#15.92-21.3#6: 74b9716cbf27e0d3d13bd8bee6ab0add
    6#21.3-22.68#7: 227e16d94eb469237c9e7754d452a3ef
    7#23.2-24.14#8: 1e0893f62ce0f691a627a60394639de5
    8#24.14-25.28#9: eef790aff57d09b6a35ca76b2e3ddb93
    9#25.62-26.94#10: 17881aa70a31511e9e592f67209d87ca
    10#27.12-28.34#11: 9f0f667e517b6eba3e793cf02d4df312
    11#28.62-29.24#12: e8f90ac5d72c20e50877329fdf89f461
